
Microsoft Visual Studio Solution File, Format Version 12.00
# Visual Studio Version 17
VisualStudioVersion = 17.5.33414.496
MinimumVisualStudioVersion = 10.0.40219.1
Project("{FAE04EC0-301F-11D3-BF4B-00C04F79EFBC}") = "TPMOD9_1302213058", "TPMOD9_1302213058\TPMOD9_1302213058.csproj", "{DA4776E9-AE90-4AF9-8882-A1ED4F480176}"
EndProject
Global
	GlobalSection(SolutionConfigurationPlatforms) = preSolution
		Debug|Any CPU = Debug|Any CPU
		Release|Any CPU = Release|Any CPU
	EndGlobalSection
	GlobalSection(ProjectConfigurationPlatforms) = postSolution
		{DA4776E9-AE90-4AF9-8882-A1ED4F480176}.Debug|Any CPU.ActiveCfg = Debug|Any CPU
		{DA4776E9-AE90-4AF9-8882-A1ED4F480176}.Debug|Any CPU.Build.0 = Debug|Any CPU
		{DA4776E9-AE90-4AF9-8882-A1ED4F480176}.Release|Any CPU.ActiveCfg = Release|Any CPU
		{DA4776E9-AE90-4AF9-8882-A1ED4F480176}.Release|Any CPU.Build.0 = Release|Any CPU
	EndGlobalSection
	GlobalSection(SolutionProperties) = preSolution
		HideSolutionNode = FALSE
	EndGlobalSection
	GlobalSection(ExtensibilityGlobals) = postSolution
		SolutionGuid = {1C704390-84D2-453E-878C-D6861EBB6A07}
	EndGlobalSection
EndGlobal
