
Microsoft Visual Studio Solution File, Format Version 12.00
# Visual Studio Version 17
VisualStudioVersion = 17.5.33414.496
MinimumVisualStudioVersion = 10.0.40219.1
Project("{FAE04EC0-301F-11D3-BF4B-00C04F79EFBC}") = "TP_MOD9_1302213058", "TP_MOD9_1302213058\TP_MOD9_1302213058.csproj", "{020A3E7A-DC30-4E39-A801-B859FB256E6B}"
EndProject
Global
	GlobalSection(SolutionConfigurationPlatforms) = preSolution
		Debug|Any CPU = Debug|Any CPU
		Release|Any CPU = Release|Any CPU
	EndGlobalSection
	GlobalSection(ProjectConfigurationPlatforms) = postSolution
		{020A3E7A-DC30-4E39-A801-B859FB256E6B}.Debug|Any CPU.ActiveCfg = Debug|Any CPU
		{020A3E7A-DC30-4E39-A801-B859FB256E6B}.Debug|Any CPU.Build.0 = Debug|Any CPU
		{020A3E7A-DC30-4E39-A801-B859FB256E6B}.Release|Any CPU.ActiveCfg = Release|Any CPU
		{020A3E7A-DC30-4E39-A801-B859FB256E6B}.Release|Any CPU.Build.0 = Release|Any CPU
	EndGlobalSection
	GlobalSection(SolutionProperties) = preSolution
		HideSolutionNode = FALSE
	EndGlobalSection
	GlobalSection(ExtensibilityGlobals) = postSolution
		SolutionGuid = {49FEB8B7-4C5B-498A-8A47-548B85D29F50}
	EndGlobalSection
EndGlobal
